// !$*UTF8*$!
{
	archiveVersion = 1;
	classes = {
	};
	objectVersion = 55;
	objects = {

/* Begin PBXBuildFile section */
		CF29FE0028A08FFA00CE685F /* AppDelegate.swift in Sources */ = {isa = PBXBuildFile; fileRef = CF29FDFF28A08FFA00CE685F /* AppDelegate.swift */; };
		CF29FE0228A08FFA00CE685F /* SceneDelegate.swift in Sources */ = {isa = PBXBuildFile; fileRef = CF29FE0128A08FFA00CE685F /* SceneDelegate.swift */; };
		CF29FE0428A08FFA00CE685F /* ViewController.swift in Sources */ = {isa = PBXBuildFile; fileRef = CF29FE0328A08FFA00CE685F /* ViewController.swift */; };
		CF29FE0728A08FFA00CE685F /* Main.storyboard in Resources */ = {isa = PBXBuildFile; fileRef = CF29FE0528A08FFA00CE685F /* Main.storyboard */; };
		CF29FE0928A08FFB00CE685F /* Assets.xcassets in Resources */ = {isa = PBXBuildFile; fileRef = CF29FE0828A08FFB00CE685F /* Assets.xcassets */; };
		CF29FE0C28A08FFB00CE685F /* LaunchScreen.storyboard in Resources */ = {isa = PBXBuildFile; fileRef = CF29FE0A28A08FFB00CE685F /* LaunchScreen.storyboard */; };
		CF29FE1528A0902600CE685F /* Kingfisher in Frameworks */ = {isa = PBXBuildFile; productRef = CF29FE1428A0902600CE685F /* Kingfisher */; };
		CF29FE1828A0903600CE685F /* Alamofire in Frameworks */ = {isa = PBXBuildFile; productRef = CF29FE1728A0903600CE685F /* Alamofire */; };
		CF29FE1B28A0904800CE685F /* SwiftyJSON in Frameworks */ = {isa = PBXBuildFile; productRef = CF29FE1A28A0904800CE685F /* SwiftyJSON */; };
		CF29FE1D28A090DD00CE685F /* .gitignore in Resources */ = {isa = PBXBuildFile; fileRef = CF29FE1C28A090DD00CE685F /* .gitignore */; };
		CF29FE2028A0913E00CE685F /* APIKey.swift in Sources */ = {isa = PBXBuildFile; fileRef = CF29FE1F28A0913E00CE685F /* APIKey.swift */; };
		CF29FE2328A094AD00CE685F /* EndPoint.swift in Sources */ = {isa = PBXBuildFile; fileRef = CF29FE2228A094AD00CE685F /* EndPoint.swift */; };
		CF29FE2528A0951900CE685F /* URL+Extension.swift in Sources */ = {isa = PBXBuildFile; fileRef = CF29FE2428A0951900CE685F /* URL+Extension.swift */; };
		CF29FE2828A0977D00CE685F /* KakaoAPIManager.swift in Sources */ = {isa = PBXBuildFile; fileRef = CF29FE2728A0977D00CE685F /* KakaoAPIManager.swift */; };
		CF29FE2A28A0ABEF00CE685F /* ClosureViewController.swift in Sources */ = {isa = PBXBuildFile; fileRef = CF29FE2928A0ABEF00CE685F /* ClosureViewController.swift */; };
		CF5BAEB028A1DEF90072B251 /* ReusableProtocol.swift in Sources */ = {isa = PBXBuildFile; fileRef = CF5BAEAF28A1DEF90072B251 /* ReusableProtocol.swift */; };
		CF5BAEB328A1E0320072B251 /* SeSACButton.swift in Sources */ = {isa = PBXBuildFile; fileRef = CF5BAEB228A1E0310072B251 /* SeSACButton.swift */; };
		CF5BAEB528A1E6030072B251 /* CardView.xib in Resources */ = {isa = PBXBuildFile; fileRef = CF5BAEB428A1E6030072B251 /* CardView.xib */; };
		CF5BAEB728A1E62E0072B251 /* CardView.swift in Sources */ = {isa = PBXBuildFile; fileRef = CF5BAEB628A1E62E0072B251 /* CardView.swift */; };
		CF5BAEBA28A1F3900072B251 /* CardCollectionViewCell.swift in Sources */ = {isa = PBXBuildFile; fileRef = CF5BAEB828A1F3900072B251 /* CardCollectionViewCell.swift */; };
		CF5BAEBB28A1F3900072B251 /* CardCollectionViewCell.xib in Resources */ = {isa = PBXBuildFile; fileRef = CF5BAEB928A1F3900072B251 /* CardCollectionViewCell.xib */; };
		CF5BAEBD28A1F6560072B251 /* MainViewController.swift in Sources */ = {isa = PBXBuildFile; fileRef = CF5BAEBC28A1F6560072B251 /* MainViewController.swift */; };
		CF5BAEBF28A1FC270072B251 /* MainTableViewCell.swift in Sources */ = {isa = PBXBuildFile; fileRef = CF5BAEBE28A1FC270072B251 /* MainTableViewCell.swift */; };
		CFA721A428A343F0003CB655 /* TMDBAPIManager.swift in Sources */ = {isa = PBXBuildFile; fileRef = CFA721A328A343F0003CB655 /* TMDBAPIManager.swift */; };
/* End PBXBuildFile section */

/* Begin PBXFileReference section */
		CF29FDFC28A08FFA00CE685F /* SeSAC6thWeekLecture.app */ = {isa = PBXFileReference; explicitFileType = wrapper.application; includeInIndex = 0; path = SeSAC6thWeekLecture.app; sourceTree = BUILT_PRODUCTS_DIR; };
		CF29FDFF28A08FFA00CE685F /* AppDelegate.swift */ = {isa = PBXFileReference; lastKnownFileType = sourcecode.swift; path = AppDelegate.swift; sourceTree = "<group>"; };
		CF29FE0128A08FFA00CE685F /* SceneDelegate.swift */ = {isa = PBXFileReference; lastKnownFileType = sourcecode.swift; path = SceneDelegate.swift; sourceTree = "<group>"; };
		CF29FE0328A08FFA00CE685F /* ViewController.swift */ = {isa = PBXFileReference; lastKnownFileType = sourcecode.swift; path = ViewController.swift; sourceTree = "<group>"; };
		CF29FE0628A08FFA00CE685F /* Base */ = {isa = PBXFileReference; lastKnownFileType = file.storyboard; name = Base; path = Base.lproj/Main.storyboard; sourceTree = "<group>"; };
		CF29FE0828A08FFB00CE685F /* Assets.xcassets */ = {isa = PBXFileReference; lastKnownFileType = folder.assetcatalog; path = Assets.xcassets; sourceTree = "<group>"; };
		CF29FE0B28A08FFB00CE685F /* Base */ = {isa = PBXFileReference; lastKnownFileType = file.storyboard; name = Base; path = Base.lproj/LaunchScreen.storyboard; sourceTree = "<group>"; };
		CF29FE0D28A08FFB00CE685F /* Info.plist */ = {isa = PBXFileReference; lastKnownFileType = text.plist.xml; path = Info.plist; sourceTree = "<group>"; };
		CF29FE1C28A090DD00CE685F /* .gitignore */ = {isa = PBXFileReference; lastKnownFileType = text; path = .gitignore; sourceTree = "<group>"; };
		CF29FE1F28A0913E00CE685F /* APIKey.swift */ = {isa = PBXFileReference; lastKnownFileType = sourcecode.swift; path = APIKey.swift; sourceTree = "<group>"; };
		CF29FE2228A094AD00CE685F /* EndPoint.swift */ = {isa = PBXFileReference; lastKnownFileType = sourcecode.swift; path = EndPoint.swift; sourceTree = "<group>"; };
		CF29FE2428A0951900CE685F /* URL+Extension.swift */ = {isa = PBXFileReference; lastKnownFileType = sourcecode.swift; path = "URL+Extension.swift"; sourceTree = "<group>"; };
		CF29FE2728A0977D00CE685F /* KakaoAPIManager.swift */ = {isa = PBXFileReference; lastKnownFileType = sourcecode.swift; path = KakaoAPIManager.swift; sourceTree = "<group>"; };
		CF29FE2928A0ABEF00CE685F /* ClosureViewController.swift */ = {isa = PBXFileReference; lastKnownFileType = sourcecode.swift; path = ClosureViewController.swift; sourceTree = "<group>"; };
		CF5BAEAF28A1DEF90072B251 /* ReusableProtocol.swift */ = {isa = PBXFileReference; lastKnownFileType = sourcecode.swift; path = ReusableProtocol.swift; sourceTree = "<group>"; };
		CF5BAEB228A1E0310072B251 /* SeSACButton.swift */ = {isa = PBXFileReference; lastKnownFileType = sourcecode.swift; path = SeSACButton.swift; sourceTree = "<group>"; };
		CF5BAEB428A1E6030072B251 /* CardView.xib */ = {isa = PBXFileReference; lastKnownFileType = file.xib; path = CardView.xib; sourceTree = "<group>"; };
		CF5BAEB628A1E62E0072B251 /* CardView.swift */ = {isa = PBXFileReference; lastKnownFileType = sourcecode.swift; path = CardView.swift; sourceTree = "<group>"; };
		CF5BAEB828A1F3900072B251 /* CardCollectionViewCell.swift */ = {isa = PBXFileReference; lastKnownFileType = sourcecode.swift; name = CardCollectionViewCell.swift; path = SeSAC6thWeekLecture/CardCollectionViewCell.swift; sourceTree = SOURCE_ROOT; };
		CF5BAEB928A1F3900072B251 /* CardCollectionViewCell.xib */ = {isa = PBXFileReference; lastKnownFileType = file.xib; name = CardCollectionViewCell.xib; path = SeSAC6thWeekLecture/CardCollectionViewCell.xib; sourceTree = SOURCE_ROOT; };
		CF5BAEBC28A1F6560072B251 /* MainViewController.swift */ = {isa = PBXFileReference; lastKnownFileType = sourcecode.swift; path = MainViewController.swift; sourceTree = "<group>"; };
		CF5BAEBE28A1FC270072B251 /* MainTableViewCell.swift */ = {isa = PBXFileReference; lastKnownFileType = sourcecode.swift; path = MainTableViewCell.swift; sourceTree = "<group>"; };
		CFA721A328A343F0003CB655 /* TMDBAPIManager.swift */ = {isa = PBXFileReference; lastKnownFileType = sourcecode.swift; path = TMDBAPIManager.swift; sourceTree = "<group>"; };
/* End PBXFileReference section */

/* Begin PBXFrameworksBuildPhase section */
		CF29FDF928A08FFA00CE685F /* Frameworks */ = {
			isa = PBXFrameworksBuildPhase;
			buildActionMask = 2147483647;
			files = (
				CF29FE1B28A0904800CE685F /* SwiftyJSON in Frameworks */,
				CF29FE1528A0902600CE685F /* Kingfisher in Frameworks */,
				CF29FE1828A0903600CE685F /* Alamofire in Frameworks */,
			);
			runOnlyForDeploymentPostprocessing = 0;
		};
/* End PBXFrameworksBuildPhase section */

/* Begin PBXGroup section */
		CF29FDF328A08FFA00CE685F = {
			isa = PBXGroup;
			children = (
				CF29FE1C28A090DD00CE685F /* .gitignore */,
				CF29FDFE28A08FFA00CE685F /* SeSAC6thWeekLecture */,
				CF29FDFD28A08FFA00CE685F /* Products */,
			);
			sourceTree = "<group>";
		};
		CF29FDFD28A08FFA00CE685F /* Products */ = {
			isa = PBXGroup;
			children = (
				CF29FDFC28A08FFA00CE685F /* SeSAC6thWeekLecture.app */,
			);
			name = Products;
			sourceTree = "<group>";
		};
		CF29FDFE28A08FFA00CE685F /* SeSAC6thWeekLecture */ = {
			isa = PBXGroup;
			children = (
				CF5BAEB128A1DFE80072B251 /* View */,
				CF29FE2B28A0AC1E00CE685F /* Protocols */,
				CF29FE2628A0976200CE685F /* APIManager */,
				CF29FE2128A0949700CE685F /* NetWork */,
				CF29FE1E28A0913000CE685F /* APIKey */,
				CF29FDFF28A08FFA00CE685F /* AppDelegate.swift */,
				CF29FE0128A08FFA00CE685F /* SceneDelegate.swift */,
				CF29FE0328A08FFA00CE685F /* ViewController.swift */,
				CF29FE0528A08FFA00CE685F /* Main.storyboard */,
				CF29FE2928A0ABEF00CE685F /* ClosureViewController.swift */,
				CF5BAEBC28A1F6560072B251 /* MainViewController.swift */,
				CF29FE0828A08FFB00CE685F /* Assets.xcassets */,
				CF29FE0A28A08FFB00CE685F /* LaunchScreen.storyboard */,
				CF29FE0D28A08FFB00CE685F /* Info.plist */,
			);
			path = SeSAC6thWeekLecture;
			sourceTree = "<group>";
		};
		CF29FE1E28A0913000CE685F /* APIKey */ = {
			isa = PBXGroup;
			children = (
				CF29FE1F28A0913E00CE685F /* APIKey.swift */,
			);
			path = APIKey;
			sourceTree = "<group>";
		};
		CF29FE2128A0949700CE685F /* NetWork */ = {
			isa = PBXGroup;
			children = (
				CF29FE2228A094AD00CE685F /* EndPoint.swift */,
				CF29FE2428A0951900CE685F /* URL+Extension.swift */,
			);
			path = NetWork;
			sourceTree = "<group>";
		};
		CF29FE2628A0976200CE685F /* APIManager */ = {
			isa = PBXGroup;
			children = (
				CF29FE2728A0977D00CE685F /* KakaoAPIManager.swift */,
				CFA721A328A343F0003CB655 /* TMDBAPIManager.swift */,
			);
			path = APIManager;
			sourceTree = "<group>";
		};
		CF29FE2B28A0AC1E00CE685F /* Protocols */ = {
			isa = PBXGroup;
			children = (
				CF5BAEAF28A1DEF90072B251 /* ReusableProtocol.swift */,
			);
			path = Protocols;
			sourceTree = "<group>";
		};
		CF5BAEB128A1DFE80072B251 /* View */ = {
			isa = PBXGroup;
			children = (
				CF5BAEB828A1F3900072B251 /* CardCollectionViewCell.swift */,
				CF5BAEB928A1F3900072B251 /* CardCollectionViewCell.xib */,
				CF5BAEB228A1E0310072B251 /* SeSACButton.swift */,
				CF5BAEB428A1E6030072B251 /* CardView.xib */,
				CF5BAEB628A1E62E0072B251 /* CardView.swift */,
				CF5BAEBE28A1FC270072B251 /* MainTableViewCell.swift */,
			);
			path = View;
			sourceTree = "<group>";
		};
/* End PBXGroup section */

/* Begin PBXNativeTarget section */
		CF29FDFB28A08FFA00CE685F /* SeSAC6thWeekLecture */ = {
			isa = PBXNativeTarget;
			buildConfigurationList = CF29FE1028A08FFB00CE685F /* Build configuration list for PBXNativeTarget "SeSAC6thWeekLecture" */;
			buildPhases = (
				CF29FDF828A08FFA00CE685F /* Sources */,
				CF29FDF928A08FFA00CE685F /* Frameworks */,
				CF29FDFA28A08FFA00CE685F /* Resources */,
			);
			buildRules = (
			);
			dependencies = (
			);
			name = SeSAC6thWeekLecture;
			packageProductDependencies = (
				CF29FE1428A0902600CE685F /* Kingfisher */,
				CF29FE1728A0903600CE685F /* Alamofire */,
				CF29FE1A28A0904800CE685F /* SwiftyJSON */,
			);
			productName = SeSAC6thWeekLecture;
			productReference = CF29FDFC28A08FFA00CE685F /* SeSAC6thWeekLecture.app */;
			productType = "com.apple.product-type.application";
		};
/* End PBXNativeTarget section */

/* Begin PBXProject section */
		CF29FDF428A08FFA00CE685F /* Project object */ = {
			isa = PBXProject;
			attributes = {
				BuildIndependentTargetsInParallel = 1;
				LastSwiftUpdateCheck = 1340;
				LastUpgradeCheck = 1340;
				TargetAttributes = {
					CF29FDFB28A08FFA00CE685F = {
						CreatedOnToolsVersion = 13.4.1;
					};
				};
			};
			buildConfigurationList = CF29FDF728A08FFA00CE685F /* Build configuration list for PBXProject "SeSAC6thWeekLecture" */;
			compatibilityVersion = "Xcode 13.0";
			developmentRegion = en;
			hasScannedForEncodings = 0;
			knownRegions = (
				en,
				Base,
			);
			mainGroup = CF29FDF328A08FFA00CE685F;
			packageReferences = (
				CF29FE1328A0902600CE685F /* XCRemoteSwiftPackageReference "Kingfisher" */,
				CF29FE1628A0903600CE685F /* XCRemoteSwiftPackageReference "Alamofire" */,
				CF29FE1928A0904800CE685F /* XCRemoteSwiftPackageReference "SwiftyJSON" */,
			);
			productRefGroup = CF29FDFD28A08FFA00CE685F /* Products */;
			projectDirPath = "";
			projectRoot = "";
			targets = (
				CF29FDFB28A08FFA00CE685F /* SeSAC6thWeekLecture */,
			);
		};
/* End PBXProject section */

/* Begin PBXResourcesBuildPhase section */
		CF29FDFA28A08FFA00CE685F /* Resources */ = {
			isa = PBXResourcesBuildPhase;
			buildActionMask = 2147483647;
			files = (
				CF29FE1D28A090DD00CE685F /* .gitignore in Resources */,
				CF29FE0C28A08FFB00CE685F /* LaunchScreen.storyboard in Resources */,
				CF5BAEB528A1E6030072B251 /* CardView.xib in Resources */,
				CF29FE0928A08FFB00CE685F /* Assets.xcassets in Resources */,
				CF5BAEBB28A1F3900072B251 /* CardCollectionViewCell.xib in Resources */,
				CF29FE0728A08FFA00CE685F /* Main.storyboard in Resources */,
			);
			runOnlyForDeploymentPostprocessing = 0;
		};
/* End PBXResourcesBuildPhase section */

/* Begin PBXSourcesBuildPhase section */
		CF29FDF828A08FFA00CE685F /* Sources */ = {
			isa = PBXSourcesBuildPhase;
			buildActionMask = 2147483647;
			files = (
				CF29FE0428A08FFA00CE685F /* ViewController.swift in Sources */,
				CF5BAEBD28A1F6560072B251 /* MainViewController.swift in Sources */,
				CF29FE0028A08FFA00CE685F /* AppDelegate.swift in Sources */,
				CF29FE2A28A0ABEF00CE685F /* ClosureViewController.swift in Sources */,
				CF29FE2328A094AD00CE685F /* EndPoint.swift in Sources */,
				CF5BAEBA28A1F3900072B251 /* CardCollectionViewCell.swift in Sources */,
				CF29FE2028A0913E00CE685F /* APIKey.swift in Sources */,
				CF29FE2828A0977D00CE685F /* KakaoAPIManager.swift in Sources */,
				CF29FE0228A08FFA00CE685F /* SceneDelegate.swift in Sources */,
				CF5BAEB328A1E0320072B251 /* SeSACButton.swift in Sources */,
				CF5BAEBF28A1FC270072B251 /* MainTableViewCell.swift in Sources */,
				CF29FE2528A0951900CE685F /* URL+Extension.swift in Sources */,
				CF5BAEB728A1E62E0072B251 /* CardView.swift in Sources */,
				CFA721A428A343F0003CB655 /* TMDBAPIManager.swift in Sources */,
				CF5BAEB028A1DEF90072B251 /* ReusableProtocol.swift in Sources */,
			);
			runOnlyForDeploymentPostprocessing = 0;
		};
/* End PBXSourcesBuildPhase section */

/* Begin PBXVariantGroup section */
		CF29FE0528A08FFA00CE685F /* Main.storyboard */ = {
			isa = PBXVariantGroup;
			children = (
				CF29FE0628A08FFA00CE685F /* Base */,
			);
			name = Main.storyboard;
			sourceTree = "<group>";
		};
		CF29FE0A28A08FFB00CE685F /* LaunchScreen.storyboard */ = {
			isa = PBXVariantGroup;
			children = (
				CF29FE0B28A08FFB00CE685F /* Base */,
			);
			name = LaunchScreen.storyboard;
			sourceTree = "<group>";
		};
/* End PBXVariantGroup section */

/* Begin XCBuildConfiguration section */
		CF29FE0E28A08FFB00CE685F /* Debug */ = {
			isa = XCBuildConfiguration;
			buildSettings = {
				ALWAYS_SEARCH_USER_PATHS = NO;
				CLANG_ANALYZER_NONNULL = YES;
				CLANG_ANALYZER_NUMBER_OBJECT_CONVERSION = YES_AGGRESSIVE;
				CLANG_CXX_LANGUAGE_STANDARD = "gnu++17";
				CLANG_ENABLE_MODULES = YES;
				CLANG_ENABLE_OBJC_ARC = YES;
				CLANG_ENABLE_OBJC_WEAK = YES;
				CLANG_WARN_BLOCK_CAPTURE_AUTORELEASING = YES;
				CLANG_WARN_BOOL_CONVERSION = YES;
				CLANG_WARN_COMMA = YES;
				CLANG_WARN_CONSTANT_CONVERSION = YES;
				CLANG_WARN_DEPRECATED_OBJC_IMPLEMENTATIONS = YES;
				CLANG_WARN_DIRECT_OBJC_ISA_USAGE = YES_ERROR;
				CLANG_WARN_DOCUMENTATION_COMMENTS = YES;
				CLANG_WARN_EMPTY_BODY = YES;
				CLANG_WARN_ENUM_CONVERSION = YES;
				CLANG_WARN_INFINITE_RECURSION = YES;
				CLANG_WARN_INT_CONVERSION = YES;
				CLANG_WARN_NON_LITERAL_NULL_CONVERSION = YES;
				CLANG_WARN_OBJC_IMPLICIT_RETAIN_SELF = YES;
				CLANG_WARN_OBJC_LITERAL_CONVERSION = YES;
				CLANG_WARN_OBJC_ROOT_CLASS = YES_ERROR;
				CLANG_WARN_QUOTED_INCLUDE_IN_FRAMEWORK_HEADER = YES;
				CLANG_WARN_RANGE_LOOP_ANALYSIS = YES;
				CLANG_WARN_STRICT_PROTOTYPES = YES;
				CLANG_WARN_SUSPICIOUS_MOVE = YES;
				CLANG_WARN_UNGUARDED_AVAILABILITY = YES_AGGRESSIVE;
				CLANG_WARN_UNREACHABLE_CODE = YES;
				CLANG_WARN__DUPLICATE_METHOD_MATCH = YES;
				COPY_PHASE_STRIP = NO;
				DEBUG_INFORMATION_FORMAT = dwarf;
				ENABLE_STRICT_OBJC_MSGSEND = YES;
				ENABLE_TESTABILITY = YES;
				GCC_C_LANGUAGE_STANDARD = gnu11;
				GCC_DYNAMIC_NO_PIC = NO;
				GCC_NO_COMMON_BLOCKS = YES;
				GCC_OPTIMIZATION_LEVEL = 0;
				GCC_PREPROCESSOR_DEFINITIONS = (
					"DEBUG=1",
					"$(inherited)",
				);
				GCC_WARN_64_TO_32_BIT_CONVERSION = YES;
				GCC_WARN_ABOUT_RETURN_TYPE = YES_ERROR;
				GCC_WARN_UNDECLARED_SELECTOR = YES;
				GCC_WARN_UNINITIALIZED_AUTOS = YES_AGGRESSIVE;
				GCC_WARN_UNUSED_FUNCTION = YES;
				GCC_WARN_UNUSED_VARIABLE = YES;
				IPHONEOS_DEPLOYMENT_TARGET = 15.5;
				MTL_ENABLE_DEBUG_INFO = INCLUDE_SOURCE;
				MTL_FAST_MATH = YES;
				ONLY_ACTIVE_ARCH = YES;
				SDKROOT = iphoneos;
				SWIFT_ACTIVE_COMPILATION_CONDITIONS = DEBUG;
				SWIFT_OPTIMIZATION_LEVEL = "-Onone";
			};
			name = Debug;
		};
		CF29FE0F28A08FFB00CE685F /* Release */ = {
			isa = XCBuildConfiguration;
			buildSettings = {
				ALWAYS_SEARCH_USER_PATHS = NO;
				CLANG_ANALYZER_NONNULL = YES;
				CLANG_ANALYZER_NUMBER_OBJECT_CONVERSION = YES_AGGRESSIVE;
				CLANG_CXX_LANGUAGE_STANDARD = "gnu++17";
				CLANG_ENABLE_MODULES = YES;
				CLANG_ENABLE_OBJC_ARC = YES;
				CLANG_ENABLE_OBJC_WEAK = YES;
				CLANG_WARN_BLOCK_CAPTURE_AUTORELEASING = YES;
				CLANG_WARN_BOOL_CONVERSION = YES;
				CLANG_WARN_COMMA = YES;
				CLANG_WARN_CONSTANT_CONVERSION = YES;
				CLANG_WARN_DEPRECATED_OBJC_IMPLEMENTATIONS = YES;
				CLANG_WARN_DIRECT_OBJC_ISA_USAGE = YES_ERROR;
				CLANG_WARN_DOCUMENTATION_COMMENTS = YES;
				CLANG_WARN_EMPTY_BODY = YES;
				CLANG_WARN_ENUM_CONVERSION = YES;
				CLANG_WARN_INFINITE_RECURSION = YES;
				CLANG_WARN_INT_CONVERSION = YES;
				CLANG_WARN_NON_LITERAL_NULL_CONVERSION = YES;
				CLANG_WARN_OBJC_IMPLICIT_RETAIN_SELF = YES;
				CLANG_WARN_OBJC_LITERAL_CONVERSION = YES;
				CLANG_WARN_OBJC_ROOT_CLASS = YES_ERROR;
				CLANG_WARN_QUOTED_INCLUDE_IN_FRAMEWORK_HEADER = YES;
				CLANG_WARN_RANGE_LOOP_ANALYSIS = YES;
				CLANG_WARN_STRICT_PROTOTYPES = YES;
				CLANG_WARN_SUSPICIOUS_MOVE = YES;
				CLANG_WARN_UNGUARDED_AVAILABILITY = YES_AGGRESSIVE;
				CLANG_WARN_UNREACHABLE_CODE = YES;
				CLANG_WARN__DUPLICATE_METHOD_MATCH = YES;
				COPY_PHASE_STRIP = NO;
				DEBUG_INFORMATION_FORMAT = "dwarf-with-dsym";
				ENABLE_NS_ASSERTIONS = NO;
				ENABLE_STRICT_OBJC_MSGSEND = YES;
				GCC_C_LANGUAGE_STANDARD = gnu11;
				GCC_NO_COMMON_BLOCKS = YES;
				GCC_WARN_64_TO_32_BIT_CONVERSION = YES;
				GCC_WARN_ABOUT_RETURN_TYPE = YES_ERROR;
				GCC_WARN_UNDECLARED_SELECTOR = YES;
				GCC_WARN_UNINITIALIZED_AUTOS = YES_AGGRESSIVE;
				GCC_WARN_UNUSED_FUNCTION = YES;
				GCC_WARN_UNUSED_VARIABLE = YES;
				IPHONEOS_DEPLOYMENT_TARGET = 15.5;
				MTL_ENABLE_DEBUG_INFO = NO;
				MTL_FAST_MATH = YES;
				SDKROOT = iphoneos;
				SWIFT_COMPILATION_MODE = wholemodule;
				SWIFT_OPTIMIZATION_LEVEL = "-O";
				VALIDATE_PRODUCT = YES;
			};
			name = Release;
		};
		CF29FE1128A08FFB00CE685F /* Debug */ = {
			isa = XCBuildConfiguration;
			buildSettings = {
				ASSETCATALOG_COMPILER_APPICON_NAME = AppIcon;
				ASSETCATALOG_COMPILER_GLOBAL_ACCENT_COLOR_NAME = AccentColor;
				CODE_SIGN_STYLE = Automatic;
				CURRENT_PROJECT_VERSION = 1;
				DEVELOPMENT_TEAM = V39QSCSL6T;
				GENERATE_INFOPLIST_FILE = YES;
				INFOPLIST_FILE = SeSAC6thWeekLecture/Info.plist;
				INFOPLIST_KEY_UIApplicationSupportsIndirectInputEvents = YES;
				INFOPLIST_KEY_UILaunchStoryboardName = LaunchScreen;
				INFOPLIST_KEY_UIMainStoryboardFile = Main;
				INFOPLIST_KEY_UISupportedInterfaceOrientations_iPad = "UIInterfaceOrientationPortrait UIInterfaceOrientationPortraitUpsideDown UIInterfaceOrientationLandscapeLeft UIInterfaceOrientationLandscapeRight";
				INFOPLIST_KEY_UISupportedInterfaceOrientations_iPhone = "UIInterfaceOrientationPortrait UIInterfaceOrientationLandscapeLeft UIInterfaceOrientationLandscapeRight";
				IPHONEOS_DEPLOYMENT_TARGET = 15.0;
				LD_RUNPATH_SEARCH_PATHS = (
					"$(inherited)",
					"@executable_path/Frameworks",
				);
				MARKETING_VERSION = 1.0;
				PRODUCT_BUNDLE_IDENTIFIER = com.sesac.lec.SeSAC6thWeekLecture;
				PRODUCT_NAME = "$(TARGET_NAME)";
				SWIFT_EMIT_LOC_STRINGS = YES;
				SWIFT_VERSION = 5.0;
				TARGETED_DEVICE_FAMILY = 1;
			};
			name = Debug;
		};
		CF29FE1228A08FFB00CE685F /* Release */ = {
			isa = XCBuildConfiguration;
			buildSettings = {
				ASSETCATALOG_COMPILER_APPICON_NAME = AppIcon;
				ASSETCATALOG_COMPILER_GLOBAL_ACCENT_COLOR_NAME = AccentColor;
				CODE_SIGN_STYLE = Automatic;
				CURRENT_PROJECT_VERSION = 1;
				DEVELOPMENT_TEAM = V39QSCSL6T;
				GENERATE_INFOPLIST_FILE = YES;
				INFOPLIST_FILE = SeSAC6thWeekLecture/Info.plist;
				INFOPLIST_KEY_UIApplicationSupportsIndirectInputEvents = YES;
				INFOPLIST_KEY_UILaunchStoryboardName = LaunchScreen;
				INFOPLIST_KEY_UIMainStoryboardFile = Main;
				INFOPLIST_KEY_UISupportedInterfaceOrientations_iPad = "UIInterfaceOrientationPortrait UIInterfaceOrientationPortraitUpsideDown UIInterfaceOrientationLandscapeLeft UIInterfaceOrientationLandscapeRight";
				INFOPLIST_KEY_UISupportedInterfaceOrientations_iPhone = "UIInterfaceOrientationPortrait UIInterfaceOrientationLandscapeLeft UIInterfaceOrientationLandscapeRight";
				IPHONEOS_DEPLOYMENT_TARGET = 15.0;
				LD_RUNPATH_SEARCH_PATHS = (
					"$(inherited)",
					"@executable_path/Frameworks",
				);
				MARKETING_VERSION = 1.0;
				PRODUCT_BUNDLE_IDENTIFIER = com.sesac.lec.SeSAC6thWeekLecture;
				PRODUCT_NAME = "$(TARGET_NAME)";
				SWIFT_EMIT_LOC_STRINGS = YES;
				SWIFT_VERSION = 5.0;
				TARGETED_DEVICE_FAMILY = 1;
			};
			name = Release;
		};
/* End XCBuildConfiguration section */

/* Begin XCConfigurationList section */
		CF29FDF728A08FFA00CE685F /* Build configuration list for PBXProject "SeSAC6thWeekLecture" */ = {
			isa = XCConfigurationList;
			buildConfigurations = (
				CF29FE0E28A08FFB00CE685F /* Debug */,
				CF29FE0F28A08FFB00CE685F /* Release */,
			);
			defaultConfigurationIsVisible = 0;
			defaultConfigurationName = Release;
		};
		CF29FE1028A08FFB00CE685F /* Build configuration list for PBXNativeTarget "SeSAC6thWeekLecture" */ = {
			isa = XCConfigurationList;
			buildConfigurations = (
				CF29FE1128A08FFB00CE685F /* Debug */,
				CF29FE1228A08FFB00CE685F /* Release */,
			);
			defaultConfigurationIsVisible = 0;
			defaultConfigurationName = Release;
		};
/* End XCConfigurationList section */

/* Begin XCRemoteSwiftPackageReference section */
		CF29FE1328A0902600CE685F /* XCRemoteSwiftPackageReference "Kingfisher" */ = {
			isa = XCRemoteSwiftPackageReference;
			repositoryURL = "https://github.com/onevcat/Kingfisher.git";
			requirement = {
				kind = upToNextMajorVersion;
				minimumVersion = 7.0.0;
			};
		};
		CF29FE1628A0903600CE685F /* XCRemoteSwiftPackageReference "Alamofire" */ = {
			isa = XCRemoteSwiftPackageReference;
			repositoryURL = "https://github.com/Alamofire/Alamofire.git";
			requirement = {
				kind = upToNextMajorVersion;
				minimumVersion = 5.0.0;
			};
		};
		CF29FE1928A0904800CE685F /* XCRemoteSwiftPackageReference "SwiftyJSON" */ = {
			isa = XCRemoteSwiftPackageReference;
			repositoryURL = "https://github.com/SwiftyJSON/SwiftyJSON.git";
			requirement = {
				kind = upToNextMajorVersion;
				minimumVersion = 5.0.0;
			};
		};
/* End XCRemoteSwiftPackageReference section */

/* Begin XCSwiftPackageProductDependency section */
		CF29FE1428A0902600CE685F /* Kingfisher */ = {
			isa = XCSwiftPackageProductDependency;
			package = CF29FE1328A0902600CE685F /* XCRemoteSwiftPackageReference "Kingfisher" */;
			productName = Kingfisher;
		};
		CF29FE1728A0903600CE685F /* Alamofire */ = {
			isa = XCSwiftPackageProductDependency;
			package = CF29FE1628A0903600CE685F /* XCRemoteSwiftPackageReference "Alamofire" */;
			productName = Alamofire;
		};
		CF29FE1A28A0904800CE685F /* SwiftyJSON */ = {
			isa = XCSwiftPackageProductDependency;
			package = CF29FE1928A0904800CE685F /* XCRemoteSwiftPackageReference "SwiftyJSON" */;
			productName = SwiftyJSON;
		};
/* End XCSwiftPackageProductDependency section */
	};
	rootObject = CF29FDF428A08FFA00CE685F /* Project object */;
}
